
Microsoft Visual Studio Solution File, Format Version 12.00
# Visual Studio Version 17
VisualStudioVersion = 17.6.33829.357
MinimumVisualStudioVersion = 10.0.40219.1
Project("{FAE04EC0-301F-11D3-BF4B-00C04F79EFBC}") = "basecode", "basecode\basecode.csproj", "{11B9309F-D7DD-4FAA-BC3A-B74F879798B9}"
EndProject
Project("{FAE04EC0-301F-11D3-BF4B-00C04F79EFBC}") = "basecode.Test", "basecode.Test\basecode.Test.csproj", "{DC39EA15-BC70-4E0C-9750-E0056198BF24}"
EndProject
Global
	GlobalSection(SolutionConfigurationPlatforms) = preSolution
		Debug|Any CPU = Debug|Any CPU
		Release|Any CPU = Release|Any CPU
	EndGlobalSection
	GlobalSection(ProjectConfigurationPlatforms) = postSolution
		{11B9309F-D7DD-4FAA-BC3A-B74F879798B9}.Debug|Any CPU.ActiveCfg = Debug|Any CPU
		{11B9309F-D7DD-4FAA-BC3A-B74F879798B9}.Debug|Any CPU.Build.0 = Debug|Any CPU
		{11B9309F-D7DD-4FAA-BC3A-B74F879798B9}.Release|Any CPU.ActiveCfg = Release|Any CPU
		{11B9309F-D7DD-4FAA-BC3A-B74F879798B9}.Release|Any CPU.Build.0 = Release|Any CPU
		{DC39EA15-BC70-4E0C-9750-E0056198BF24}.Debug|Any CPU.ActiveCfg = Debug|Any CPU
		{DC39EA15-BC70-4E0C-9750-E0056198BF24}.Debug|Any CPU.Build.0 = Debug|Any CPU
		{DC39EA15-BC70-4E0C-9750-E0056198BF24}.Release|Any CPU.ActiveCfg = Release|Any CPU
		{DC39EA15-BC70-4E0C-9750-E0056198BF24}.Release|Any CPU.Build.0 = Release|Any CPU
	EndGlobalSection
	GlobalSection(SolutionProperties) = preSolution
		HideSolutionNode = FALSE
	EndGlobalSection
	GlobalSection(ExtensibilityGlobals) = postSolution
		SolutionGuid = {266C9D60-4B56-4BF9-9A54-0AD7DE676CC5}
	EndGlobalSection
EndGlobal
