
Microsoft Visual Studio Solution File, Format Version 12.00
# Visual Studio Version 17
VisualStudioVersion = 17.6.33829.357
MinimumVisualStudioVersion = 10.0.40219.1
Project("{9A19103F-16F7-4668-BE54-9A1E7A4F7556}") = "basecode", "basecode\basecode.csproj", "{11B9309F-D7DD-4FAA-BC3A-B74F879798B9}"
EndProject
Project("{9A19103F-16F7-4668-BE54-9A1E7A4F7556}") = "basecode.Test", "basecode.Test\basecode.Test.csproj", "{DC39EA15-BC70-4E0C-9750-E0056198BF24}"
EndProject
Project("{2150E333-8FDC-42A3-9474-1A3956D46DE8}") = "Solution Items", "Solution Items", "{01F9CDD9-4394-4FC8-8F3B-D0B8D21936BC}"
	ProjectSection(SolutionItems) = preProject
		.dockerignore = .dockerignore
		Dockerfile = Dockerfile
		nginx.conf = nginx.conf
	EndProjectSection
EndProject
Global
	GlobalSection(SolutionConfigurationPlatforms) = preSolution
		Debug|Any CPU = Debug|Any CPU
		Release|Any CPU = Release|Any CPU
	EndGlobalSection
	GlobalSection(ProjectConfigurationPlatforms) = postSolution
		{11B9309F-D7DD-4FAA-BC3A-B74F879798B9}.Debug|Any CPU.ActiveCfg = Debug|Any CPU
		{11B9309F-D7DD-4FAA-BC3A-B74F879798B9}.Debug|Any CPU.Build.0 = Debug|Any CPU
		{11B9309F-D7DD-4FAA-BC3A-B74F879798B9}.Release|Any CPU.ActiveCfg = Release|Any CPU
		{11B9309F-D7DD-4FAA-BC3A-B74F879798B9}.Release|Any CPU.Build.0 = Release|Any CPU
		{DC39EA15-BC70-4E0C-9750-E0056198BF24}.Debug|Any CPU.ActiveCfg = Debug|Any CPU
		{DC39EA15-BC70-4E0C-9750-E0056198BF24}.Debug|Any CPU.Build.0 = Debug|Any CPU
		{DC39EA15-BC70-4E0C-9750-E0056198BF24}.Release|Any CPU.ActiveCfg = Release|Any CPU
		{DC39EA15-BC70-4E0C-9750-E0056198BF24}.Release|Any CPU.Build.0 = Release|Any CPU
	EndGlobalSection
	GlobalSection(SolutionProperties) = preSolution
		HideSolutionNode = FALSE
	EndGlobalSection
	GlobalSection(ExtensibilityGlobals) = postSolution
		SolutionGuid = {266C9D60-4B56-4BF9-9A54-0AD7DE676CC5}
	EndGlobalSection
EndGlobal
